{
  "name": "autoforge-ai",
  "version": "0.1.16",
  "lockfileVersion": 3,
  "requires": true,
  "packages": {
    "": {
      "name": "autoforge-ai",
      "version": "0.1.16",
      "license": "AGPL-3.0",
      "bin": {
        "autoforge": "bin/autoforge.js"
      },
      "engines": {
        "node": ">=20"
      }
    }
  }
}
